
Microsoft Visual Studio Solution File, Format Version 12.00
# Visual Studio Version 17
VisualStudioVersion = 17.4.33122.133
MinimumVisualStudioVersion = 10.0.40219.1
Project("{FAE04EC0-301F-11D3-BF4B-00C04F79EFBC}") = "StringFirstOcc", "StringFirstOcc\StringFirstOcc.csproj", "{EBC0651D-65EC-4832-82F3-051E7D9E5645}"
EndProject
Project("{FAE04EC0-301F-11D3-BF4B-00C04F79EFBC}") = "StringFirstOcc.Tests", "StringFirstOcc.Tests\StringFirstOcc.Tests.csproj", "{EAE67794-3BAD-4457-A463-96C86443D67A}"
EndProject
Global
	GlobalSection(SolutionConfigurationPlatforms) = preSolution
		Debug|Any CPU = Debug|Any CPU
		Release|Any CPU = Release|Any CPU
	EndGlobalSection
	GlobalSection(ProjectConfigurationPlatforms) = postSolution
		{EBC0651D-65EC-4832-82F3-051E7D9E5645}.Debug|Any CPU.ActiveCfg = Debug|Any CPU
		{EBC0651D-65EC-4832-82F3-051E7D9E5645}.Debug|Any CPU.Build.0 = Debug|Any CPU
		{EBC0651D-65EC-4832-82F3-051E7D9E5645}.Release|Any CPU.ActiveCfg = Release|Any CPU
		{EBC0651D-65EC-4832-82F3-051E7D9E5645}.Release|Any CPU.Build.0 = Release|Any CPU
		{EAE67794-3BAD-4457-A463-96C86443D67A}.Debug|Any CPU.ActiveCfg = Debug|Any CPU
		{EAE67794-3BAD-4457-A463-96C86443D67A}.Debug|Any CPU.Build.0 = Debug|Any CPU
		{EAE67794-3BAD-4457-A463-96C86443D67A}.Release|Any CPU.ActiveCfg = Release|Any CPU
		{EAE67794-3BAD-4457-A463-96C86443D67A}.Release|Any CPU.Build.0 = Release|Any CPU
	EndGlobalSection
	GlobalSection(SolutionProperties) = preSolution
		HideSolutionNode = FALSE
	EndGlobalSection
	GlobalSection(ExtensibilityGlobals) = postSolution
		SolutionGuid = {A79902A0-E7D5-4E95-89E5-089C8F02CAC7}
	EndGlobalSection
EndGlobal
